
Microsoft Visual Studio Solution File, Format Version 12.00
# Visual Studio 15
VisualStudioVersion = 15.0.27428.2015
MinimumVisualStudioVersion = 10.0.40219.1
Project("{FAE04EC0-301F-11D3-BF4B-00C04F79EFBC}") = "SslCertificate", "SslCertificate\SslCertificate.csproj", "{774AEC1E-E179-481A-A351-BE86D12C7BF1}"
EndProject
Project("{FAE04EC0-301F-11D3-BF4B-00C04F79EFBC}") = "ClientCertTests", "ClientCertTests\ClientCertTests.csproj", "{EC0C816D-C0A5-4D29-B84F-A7CFE50B7623}"
EndProject
Project("{FAE04EC0-301F-11D3-BF4B-00C04F79EFBC}") = "ClientCaller", "ClientCaller\ClientCaller.csproj", "{6F0AC24E-C6A6-4E6F-A3E9-84E88FC8A14E}"
EndProject
Project("{FAE04EC0-301F-11D3-BF4B-00C04F79EFBC}") = "VerifyClientCertificate", "VerifyClientCertificate\VerifyClientCertificate.csproj", "{45E4AEE2-C7AF-4EE3-B4C0-6B18E065F9DF}"
EndProject
Global
	GlobalSection(SolutionConfigurationPlatforms) = preSolution
		Debug|Any CPU = Debug|Any CPU
		Release|Any CPU = Release|Any CPU
	EndGlobalSection
	GlobalSection(ProjectConfigurationPlatforms) = postSolution
		{774AEC1E-E179-481A-A351-BE86D12C7BF1}.Debug|Any CPU.ActiveCfg = Debug|Any CPU
		{774AEC1E-E179-481A-A351-BE86D12C7BF1}.Debug|Any CPU.Build.0 = Debug|Any CPU
		{774AEC1E-E179-481A-A351-BE86D12C7BF1}.Release|Any CPU.ActiveCfg = Release|Any CPU
		{774AEC1E-E179-481A-A351-BE86D12C7BF1}.Release|Any CPU.Build.0 = Release|Any CPU
		{EC0C816D-C0A5-4D29-B84F-A7CFE50B7623}.Debug|Any CPU.ActiveCfg = Debug|Any CPU
		{EC0C816D-C0A5-4D29-B84F-A7CFE50B7623}.Debug|Any CPU.Build.0 = Debug|Any CPU
		{EC0C816D-C0A5-4D29-B84F-A7CFE50B7623}.Release|Any CPU.ActiveCfg = Release|Any CPU
		{EC0C816D-C0A5-4D29-B84F-A7CFE50B7623}.Release|Any CPU.Build.0 = Release|Any CPU
		{6F0AC24E-C6A6-4E6F-A3E9-84E88FC8A14E}.Debug|Any CPU.ActiveCfg = Debug|Any CPU
		{6F0AC24E-C6A6-4E6F-A3E9-84E88FC8A14E}.Debug|Any CPU.Build.0 = Debug|Any CPU
		{6F0AC24E-C6A6-4E6F-A3E9-84E88FC8A14E}.Release|Any CPU.ActiveCfg = Release|Any CPU
		{6F0AC24E-C6A6-4E6F-A3E9-84E88FC8A14E}.Release|Any CPU.Build.0 = Release|Any CPU
		{45E4AEE2-C7AF-4EE3-B4C0-6B18E065F9DF}.Debug|Any CPU.ActiveCfg = Debug|Any CPU
		{45E4AEE2-C7AF-4EE3-B4C0-6B18E065F9DF}.Debug|Any CPU.Build.0 = Debug|Any CPU
		{45E4AEE2-C7AF-4EE3-B4C0-6B18E065F9DF}.Release|Any CPU.ActiveCfg = Release|Any CPU
		{45E4AEE2-C7AF-4EE3-B4C0-6B18E065F9DF}.Release|Any CPU.Build.0 = Release|Any CPU
	EndGlobalSection
	GlobalSection(SolutionProperties) = preSolution
		HideSolutionNode = FALSE
	EndGlobalSection
	GlobalSection(ExtensibilityGlobals) = postSolution
		SolutionGuid = {DE07EAE3-0B9F-4B98-8FB2-7A1EAEDA9053}
	EndGlobalSection
EndGlobal
